
Microsoft Visual Studio Solution File, Format Version 12.00
# Visual Studio Version 16
VisualStudioVersion = 16.0.30711.63
MinimumVisualStudioVersion = 10.0.40219.1
Project("{FAE04EC0-301F-11D3-BF4B-00C04F79EFBC}") = "Sudoku", "Sudoku\Sudoku.csproj", "{2CEA8AFE-55CB-45C0-9DA1-FAA07CE8B5D1}"
EndProject
Global
	GlobalSection(SolutionConfigurationPlatforms) = preSolution
		Debug|Any CPU = Debug|Any CPU
		Release|Any CPU = Release|Any CPU
	EndGlobalSection
	GlobalSection(ProjectConfigurationPlatforms) = postSolution
		{2CEA8AFE-55CB-45C0-9DA1-FAA07CE8B5D1}.Debug|Any CPU.ActiveCfg = Debug|Any CPU
		{2CEA8AFE-55CB-45C0-9DA1-FAA07CE8B5D1}.Debug|Any CPU.Build.0 = Debug|Any CPU
		{2CEA8AFE-55CB-45C0-9DA1-FAA07CE8B5D1}.Release|Any CPU.ActiveCfg = Release|Any CPU
		{2CEA8AFE-55CB-45C0-9DA1-FAA07CE8B5D1}.Release|Any CPU.Build.0 = Release|Any CPU
	EndGlobalSection
	GlobalSection(SolutionProperties) = preSolution
		HideSolutionNode = FALSE
	EndGlobalSection
	GlobalSection(ExtensibilityGlobals) = postSolution
		SolutionGuid = {622DEABF-1FEB-4A30-90F9-30939F4BBB18}
	EndGlobalSection
EndGlobal
